
Microsoft Visual Studio Solution File, Format Version 12.00
# Visual Studio 15
Project("{FAE04EC0-301F-11D3-BF4B-00C04F79EFBC}") = "Stickmen", "Stickmen.csproj", "{D40C43A7-2CAF-803E-CDD2-41D14EE61199}"
EndProject
Project("{FAE04EC0-301F-11D3-BF4B-00C04F79EFBC}") = "Stickmen.Editor", "Stickmen.Editor.csproj", "{54618E3D-3E2D-D95D-CB83-74F572273D29}"
EndProject
Global
	GlobalSection(SolutionConfigurationPlatforms) = preSolution
		Debug|Any CPU = Debug|Any CPU
		Release|Any CPU = Release|Any CPU
	EndGlobalSection
	GlobalSection(ProjectConfigurationPlatforms) = postSolution
		{D40C43A7-2CAF-803E-CDD2-41D14EE61199}.Debug|Any CPU.ActiveCfg = Debug|Any CPU
		{D40C43A7-2CAF-803E-CDD2-41D14EE61199}.Debug|Any CPU.Build.0 = Debug|Any CPU
		{D40C43A7-2CAF-803E-CDD2-41D14EE61199}.Release|Any CPU.ActiveCfg = Release|Any CPU
		{D40C43A7-2CAF-803E-CDD2-41D14EE61199}.Release|Any CPU.Build.0 = Release|Any CPU
		{54618E3D-3E2D-D95D-CB83-74F572273D29}.Debug|Any CPU.ActiveCfg = Debug|Any CPU
		{54618E3D-3E2D-D95D-CB83-74F572273D29}.Debug|Any CPU.Build.0 = Debug|Any CPU
		{54618E3D-3E2D-D95D-CB83-74F572273D29}.Release|Any CPU.ActiveCfg = Release|Any CPU
		{54618E3D-3E2D-D95D-CB83-74F572273D29}.Release|Any CPU.Build.0 = Release|Any CPU
	EndGlobalSection
	GlobalSection(SolutionProperties) = preSolution
		HideSolutionNode = FALSE
	EndGlobalSection
EndGlobal
